
Microsoft Visual Studio Solution File, Format Version 12.00
# Visual Studio Version 16
VisualStudioVersion = 16.0.29025.244
MinimumVisualStudioVersion = 10.0.40219.1
Project("{151D2E53-A2C4-4D7D-83FE-D05416EBD58E}") = "Deploy Storage Accounts", "Deploy Storage Accounts\Deploy Storage Accounts.deployproj", "{79ECBC5C-EA8B-4609-9916-2ED04D5D8A46}"
EndProject
Global
	GlobalSection(SolutionConfigurationPlatforms) = preSolution
		Debug|Any CPU = Debug|Any CPU
		Release|Any CPU = Release|Any CPU
	EndGlobalSection
	GlobalSection(ProjectConfigurationPlatforms) = postSolution
		{79ECBC5C-EA8B-4609-9916-2ED04D5D8A46}.Debug|Any CPU.ActiveCfg = Debug|Any CPU
		{79ECBC5C-EA8B-4609-9916-2ED04D5D8A46}.Debug|Any CPU.Build.0 = Debug|Any CPU
		{79ECBC5C-EA8B-4609-9916-2ED04D5D8A46}.Release|Any CPU.ActiveCfg = Release|Any CPU
		{79ECBC5C-EA8B-4609-9916-2ED04D5D8A46}.Release|Any CPU.Build.0 = Release|Any CPU
	EndGlobalSection
	GlobalSection(SolutionProperties) = preSolution
		HideSolutionNode = FALSE
	EndGlobalSection
	GlobalSection(ExtensibilityGlobals) = postSolution
		SolutionGuid = {1DFDDDE3-6B54-48BD-8024-AACD03D9BCEC}
	EndGlobalSection
EndGlobal
